
Microsoft Visual Studio Solution File, Format Version 12.00
# Visual Studio Version 17
VisualStudioVersion = 17.11.35431.28
MinimumVisualStudioVersion = 10.0.40219.1
Project("{FAE04EC0-301F-11D3-BF4B-00C04F79EFBC}") = "Paint", "Paint.csproj", "{60601898-BFE0-495C-B478-C5246947AE40}"
EndProject
Global
	GlobalSection(SolutionConfigurationPlatforms) = preSolution
		Debug|Any CPU = Debug|Any CPU
		Release|Any CPU = Release|Any CPU
	EndGlobalSection
	GlobalSection(ProjectConfigurationPlatforms) = postSolution
		{60601898-BFE0-495C-B478-C5246947AE40}.Debug|Any CPU.ActiveCfg = Debug|Any CPU
		{60601898-BFE0-495C-B478-C5246947AE40}.Debug|Any CPU.Build.0 = Debug|Any CPU
		{60601898-BFE0-495C-B478-C5246947AE40}.Release|Any CPU.ActiveCfg = Release|Any CPU
		{60601898-BFE0-495C-B478-C5246947AE40}.Release|Any CPU.Build.0 = Release|Any CPU
	EndGlobalSection
	GlobalSection(SolutionProperties) = preSolution
		HideSolutionNode = FALSE
	EndGlobalSection
	GlobalSection(ExtensibilityGlobals) = postSolution
		SolutionGuid = {EBFD7A0A-8FA8-44A1-8425-FF57E5E15934}
	EndGlobalSection
EndGlobal
